
Microsoft Visual Studio Solution File, Format Version 12.00
# Visual Studio Version 17
VisualStudioVersion = 17.10.35013.160
MinimumVisualStudioVersion = 10.0.40219.1
Project("{FAE04EC0-301F-11D3-BF4B-00C04F79EFBC}") = "CVProfileAPI", "CVProfileAPI\CVProfileAPI.csproj", "{EDFB4EF7-E5B0-4E2F-A977-9204CF462F9F}"
EndProject
Global
	GlobalSection(SolutionConfigurationPlatforms) = preSolution
		Debug|Any CPU = Debug|Any CPU
		Release|Any CPU = Release|Any CPU
	EndGlobalSection
	GlobalSection(ProjectConfigurationPlatforms) = postSolution
		{EDFB4EF7-E5B0-4E2F-A977-9204CF462F9F}.Debug|Any CPU.ActiveCfg = Debug|Any CPU
		{EDFB4EF7-E5B0-4E2F-A977-9204CF462F9F}.Debug|Any CPU.Build.0 = Debug|Any CPU
		{EDFB4EF7-E5B0-4E2F-A977-9204CF462F9F}.Release|Any CPU.ActiveCfg = Release|Any CPU
		{EDFB4EF7-E5B0-4E2F-A977-9204CF462F9F}.Release|Any CPU.Build.0 = Release|Any CPU
	EndGlobalSection
	GlobalSection(SolutionProperties) = preSolution
		HideSolutionNode = FALSE
	EndGlobalSection
	GlobalSection(ExtensibilityGlobals) = postSolution
		SolutionGuid = {BBBD1588-2760-448B-B663-63E621CE4379}
	EndGlobalSection
EndGlobal
